
Microsoft Visual Studio Solution File, Format Version 12.00
# Visual Studio Version 17
VisualStudioVersion = 17.13.35825.156 d17.13
MinimumVisualStudioVersion = 10.0.40219.1
Project("{FAE04EC0-301F-11D3-BF4B-00C04F79EFBC}") = "CleanArchWithCQRS.API", "CleanArchWithCQRS.API\CleanArchWithCQRS.API.csproj", "{DD3F4067-0C08-4F2A-9ED5-6BA26AC85C8E}"
EndProject
Project("{FAE04EC0-301F-11D3-BF4B-00C04F79EFBC}") = "CleanArchWithCQRS.Domain", "CleanArchWithCQRS.ADomain\CleanArchWithCQRS.Domain.csproj", "{8A2F7FC6-AFE3-4A08-A472-9EC044F59968}"
EndProject
Project("{FAE04EC0-301F-11D3-BF4B-00C04F79EFBC}") = "CleanArchWithCQRS.Application", "CleanArchWithCQRS.Application\CleanArchWithCQRS.Application.csproj", "{61D4104D-76FC-4CB9-8E1D-991E35A0904C}"
EndProject
Project("{FAE04EC0-301F-11D3-BF4B-00C04F79EFBC}") = "CleanArchWithCQRS.Infrastructure", "CleanArchWithCQRS.Infrastructure\CleanArchWithCQRS.Infrastructure.csproj", "{FF866C15-F452-41A4-9D14-51D0D729B5A6}"
EndProject
Global
	GlobalSection(SolutionConfigurationPlatforms) = preSolution
		Debug|Any CPU = Debug|Any CPU
		Release|Any CPU = Release|Any CPU
	EndGlobalSection
	GlobalSection(ProjectConfigurationPlatforms) = postSolution
		{DD3F4067-0C08-4F2A-9ED5-6BA26AC85C8E}.Debug|Any CPU.ActiveCfg = Debug|Any CPU
		{DD3F4067-0C08-4F2A-9ED5-6BA26AC85C8E}.Debug|Any CPU.Build.0 = Debug|Any CPU
		{DD3F4067-0C08-4F2A-9ED5-6BA26AC85C8E}.Release|Any CPU.ActiveCfg = Release|Any CPU
		{DD3F4067-0C08-4F2A-9ED5-6BA26AC85C8E}.Release|Any CPU.Build.0 = Release|Any CPU
		{8A2F7FC6-AFE3-4A08-A472-9EC044F59968}.Debug|Any CPU.ActiveCfg = Debug|Any CPU
		{8A2F7FC6-AFE3-4A08-A472-9EC044F59968}.Debug|Any CPU.Build.0 = Debug|Any CPU
		{8A2F7FC6-AFE3-4A08-A472-9EC044F59968}.Release|Any CPU.ActiveCfg = Release|Any CPU
		{8A2F7FC6-AFE3-4A08-A472-9EC044F59968}.Release|Any CPU.Build.0 = Release|Any CPU
		{61D4104D-76FC-4CB9-8E1D-991E35A0904C}.Debug|Any CPU.ActiveCfg = Debug|Any CPU
		{61D4104D-76FC-4CB9-8E1D-991E35A0904C}.Debug|Any CPU.Build.0 = Debug|Any CPU
		{61D4104D-76FC-4CB9-8E1D-991E35A0904C}.Release|Any CPU.ActiveCfg = Release|Any CPU
		{61D4104D-76FC-4CB9-8E1D-991E35A0904C}.Release|Any CPU.Build.0 = Release|Any CPU
		{FF866C15-F452-41A4-9D14-51D0D729B5A6}.Debug|Any CPU.ActiveCfg = Debug|Any CPU
		{FF866C15-F452-41A4-9D14-51D0D729B5A6}.Debug|Any CPU.Build.0 = Debug|Any CPU
		{FF866C15-F452-41A4-9D14-51D0D729B5A6}.Release|Any CPU.ActiveCfg = Release|Any CPU
		{FF866C15-F452-41A4-9D14-51D0D729B5A6}.Release|Any CPU.Build.0 = Release|Any CPU
	EndGlobalSection
	GlobalSection(SolutionProperties) = preSolution
		HideSolutionNode = FALSE
	EndGlobalSection
	GlobalSection(ExtensibilityGlobals) = postSolution
		SolutionGuid = {D0FB4F39-5AFA-4A13-A035-C82DB893A0E2}
	EndGlobalSection
EndGlobal
